{
  "version": 4,
  "terraform_version": "1.13.4",
  "serial": 20,
  "lineage": "2c3d9d8e-7e10-7845-f15f-06c42352d9ee",
  "outputs": {
    "cockpit_grafana_url": {
      "value": "https://cockpit.fr-par.scw.cloud",
      "type": "string"
    },
    "container_namespace_endpoint": {
      "value": "https://fr-par/3af1f2d4-4253-464e-beef-eaf688b7342f.containers.fnc.fr-par.scw.cloud",
      "type": "string"
    },
    "container_namespace_id": {
      "value": "fr-par/3af1f2d4-4253-464e-beef-eaf688b7342f",
      "type": "string"
    },
    "container_registry_endpoint": {
      "value": "rg.fr-par.scw.cloud/prod-agentops",
      "type": "string"
    },
    "nats_account_id": {
      "value": "fr-par/AA7BGIWJ5JQAB6PJC6SXGMZZB6ZZ47RYQIISFIIPZB3EYXGZ5ODWRBGA",
      "type": "string"
    },
    "nats_endpoint": {
      "value": "nats://nats.mnq.fr-par.scaleway.com:4222",
      "type": "string",
      "sensitive": true
    },
    "private_network_id": {
      "value": "fr-par/b828a9bf-c7cc-41d5-b569-b2201f4ba2de",
      "type": "string"
    },
    "redis_cluster_id": {
      "value": "fr-par-1/04a10fa1-8c37-44ca-9190-4d955b2e8210",
      "type": "string"
    },
    "redis_endpoint": {
      "value": "172.16.12.2:6379",
      "type": "string",
      "sensitive": true
    },
    "s3_bucket_endpoint": {
      "value": "https://prod-agentops-artifacts.s3.fr-par.scw.cloud",
      "type": "string"
    },
    "s3_bucket_name": {
      "value": "prod-agentops-artifacts",
      "type": "string"
    },
    "secret_manager_ids": {
      "value": {
        "db_password": "fr-par/818133d3-e544-48a1-b219-f41032b017c6",
        "nats_credentials": "fr-par/ccdffa9b-392a-4ca7-9d96-476a49948e5d",
        "openrouter_api_key": "fr-par/76611b83-d288-476d-b65b-05ea7cdcc398"
      },
      "type": [
        "object",
        {
          "db_password": "string",
          "nats_credentials": "string",
          "openrouter_api_key": "string"
        }
      ],
      "sensitive": true
    },
    "serverless_sql_database": {
      "value": "prod-agentops-db",
      "type": "string"
    },
    "serverless_sql_endpoint": {
      "value": "postgres://6838bdb4-a8db-453f-84e5-0b9025abd987.pg.sdb.fr-par.scw.cloud:5432/prod-agentops-db?sslmode=require",
      "type": "string",
      "sensitive": true
    },
    "vpc_id": {
      "value": "fr-par/9226f62c-1ac4-4da5-ba07-0a964e1a523e",
      "type": "string"
    }
  },
  "resources": [
    {
      "mode": "managed",
      "type": "scaleway_container_namespace",
      "name": "agentops",
      "provider": "provider[\"registry.terraform.io/scaleway/scaleway\"]",
      "instances": [
        {
          "schema_version": 0,
          "attributes": {
            "activate_vpc_integration": true,
            "description": "Serverless containers for AgentOps system",
            "destroy_registry": false,
            "environment_variables": {
              "DB_NAME": "prod-agentops-db",
              "DB_TYPE": "serverless-sql",
              "ENVIRONMENT": "prod",
              "LLM_ANTHROPIC_FALLBACK": "anthropic/claude-3.5-sonnet",
              "LLM_ANTHROPIC_PATTERN": "anthropic/claude-3.5-sonnet.*",
              "LLM_AUTO_DISCOVERY": "true",
              "LLM_CACHE_TTL": "3600",
              "LLM_GROQ_FALLBACK": "groq/llama-3.3-70b-versatile",
              "LLM_GROQ_PATTERN": "groq/llama-3.*",
              "LLM_OPENAI_FALLBACK": "openai/gpt-4o-mini",
              "LLM_OPENAI_PATTERN": "openai/gpt-4o.*",
              "LLM_PRIMARY_PROVIDER": "groq",
              "LLM_SECONDARY_PROVIDER": "openai",
              "LLM_STRATEGY": "auto-latest",
              "LLM_TERTIARY_PROVIDER": "anthropic",
              "LLM_ZERO_KNOWLEDGE_ONLY": "true",
              "NATS_ACCOUNT_ID": "fr-par/AA7BGIWJ5JQAB6PJC6SXGMZZB6ZZ47RYQIISFIIPZB3EYXGZ5ODWRBGA",
              "NATS_ENABLED": "true",
              "OPENROUTER_BASE_URL": "https://openrouter.ai/api/v1",
              "OPENROUTER_MODELS_REFRESH_INTERVAL": "3600",
              "OPENROUTER_USE_ZDR_ONLY": "true",
              "OPENROUTER_ZDR_ENDPOINT": "https://openrouter.ai/api/v1/endpoints/zdr",
              "REDIS_DB": "0",
              "REDIS_ENABLED": "true",
              "REDIS_MAX_CONNECTIONS": "50",
              "S3_BUCKET": "prod-agentops-artifacts",
              "S3_ENDPOINT": "https://prod-agentops-artifacts.s3.fr-par.scw.cloud",
              "S3_REGION": "fr-par"
            },
            "id": "fr-par/3af1f2d4-4253-464e-beef-eaf688b7342f",
            "name": "prod-agentops",
            "organization_id": "c5d299b8-8462-40fb-b5ae-32a8808bf394",
            "project_id": "077c9bc7-a333-4912-ae07-cd6d997485a0",
            "region": "fr-par",
            "registry_endpoint": "rg.fr-par.scw.cloud/funcscwprodagentopsm3no71aa",
            "registry_namespace_id": "f9c2c65f-3126-4989-bf12-3807d9432335",
            "secret_environment_variables": {
              "DB_HOST": "$argon2id$v=19$m=65536,t=1,p=2$NCviD2pBFwOoUGXdGfjMNw$BKxHwtbrxwkKMrpPYrLXPMQog7x1Hwa18YHgHdh3xhQ",
              "DB_PASSWORD": "$argon2id$v=19$m=65536,t=1,p=2$DZ5a57u8jHAZY4DXrC5XZQ$EpP+Y2FU9ydz2dWqo/GjNm3SN6YRcZqto/M/0JqXLMM",
              "NATS_CREDENTIALS": "$argon2id$v=19$m=65536,t=1,p=2$lDoTfZbJZhFy0aMSDRZM6w$tAwBuJGo9M2LyM7TC8vQSZxcZkICpToqebbQB5wuzhY",
              "NATS_URL": "$argon2id$v=19$m=65536,t=1,p=2$EyZcsQyZgQRAlDfzWyHAag$1zK9BEkeEu3ZfzKkhER9SDM7uJORjq6rdbvi0YXcukY",
              "OPENROUTER_API_KEY": "$argon2id$v=19$m=65536,t=1,p=2$yJagcIk7R2MXZP1/aDUSAw$TKutFh0AfiNQXeNbsU9jUmL9GFgxUQ6MEe65Jar9e6Q",
              "REDIS_HOST": "$argon2id$v=19$m=65536,t=1,p=2$Og8nn5zhHs8MJk37Mswv1w$CZlWD9ib8BZcdeZk0ZobLa/UhgJZ5UFjXKjgC9UYqYQ",
              "REDIS_PASSWORD": "$argon2id$v=19$m=65536,t=1,p=2$bfEX9s0ewF5IVkMGbebEYw$VTER9bZlLk7kJHe0MvGjS8PyjwM1hP2Ouq9L+pzxMN8",
              "REDIS_PORT": "$argon2id$v=19$m=65536,t=1,p=2$d/nxNV7N6OPSXJoym14/Kg$jZtKKGAu1dbogAv5oFnPIrLOntJrTGlBehpYcI5oyu4"
            },
            "tags": [],
            "timeouts": null
          },
          "sensitive_attributes": [
            [
              {
                "type": "get_attr",
                "value": "secret_environment_variables"
              }
            ],
            [
              {
                "type": "get_attr",
                "value": "secret_environment_variables"
              },
              {
                "type": "index",
                "value": {
                  "value": "DB_PASSWORD",
                  "type": "string"
                }
              }
            ],
            [
              {
                "type": "get_attr",
                "value": "secret_environment_variables"
              },
              {
                "type": "index",
                "value": {
                  "value": "NATS_CREDENTIALS",
                  "type": "string"
                }
              }
            ],
            [
              {
                "type": "get_attr",
                "value": "secret_environment_variables"
              },
              {
                "type": "index",
                "value": {
                  "value": "OPENROUTER_API_KEY",
                  "type": "string"
                }
              }
            ],
            [
              {
                "type": "get_attr",
                "value": "secret_environment_variables"
              },
              {
                "type": "index",
                "value": {
                  "value": "REDIS_PASSWORD",
                  "type": "string"
                }
              }
            ]
          ],
          "identity_schema_version": 0,
          "private": "eyJlMmJmYjczMC1lY2FhLTExZTYtOGY4OC0zNDM2M2JjN2M0YzAiOnsiY3JlYXRlIjozMDAwMDAwMDAwMDAsImRlZmF1bHQiOjMwMDAwMDAwMDAwMCwiZGVsZXRlIjozMDAwMDAwMDAwMDAsInJlYWQiOjMwMDAwMDAwMDAwMCwidXBkYXRlIjozMDAwMDAwMDAwMDB9fQ==",
          "dependencies": [
            "scaleway_mnq_nats_account.agentops",
            "scaleway_mnq_nats_credentials.agentops",
            "scaleway_object_bucket.artifacts",
            "scaleway_redis_cluster.agentops",
            "scaleway_sdb_sql_database.agentops",
            "scaleway_vpc.agentops",
            "scaleway_vpc_private_network.agentops"
          ]
        }
      ]
    },
    {
      "mode": "managed",
      "type": "scaleway_mnq_nats_account",
      "name": "agentops",
      "provider": "provider[\"registry.terraform.io/scaleway/scaleway\"]",
      "instances": [
        {
          "schema_version": 0,
          "attributes": {
            "endpoint": "nats://nats.mnq.fr-par.scaleway.com:4222",
            "id": "fr-par/AA7BGIWJ5JQAB6PJC6SXGMZZB6ZZ47RYQIISFIIPZB3EYXGZ5ODWRBGA",
            "name": "prod-agentops-messaging",
            "project_id": "077c9bc7-a333-4912-ae07-cd6d997485a0",
            "region": "fr-par"
          },
          "sensitive_attributes": [],
          "identity_schema_version": 0,
          "private": "bnVsbA=="
        }
      ]
    },
    {
      "mode": "managed",
      "type": "scaleway_mnq_nats_credentials",
      "name": "agentops",
      "provider": "provider[\"registry.terraform.io/scaleway/scaleway\"]",
      "instances": [
        {
          "schema_version": 0,
          "attributes": {
            "account_id": "AA7BGIWJ5JQAB6PJC6SXGMZZB6ZZ47RYQIISFIIPZB3EYXGZ5ODWRBGA",
            "file": "-----BEGIN NATS USER JWT-----\neyJ0eXAiOiJKV1QiLCJhbGciOiJlZDI1NTE5LW5rZXkifQ.eyJqdGkiOiJZMkRQNVREU1hBRFBUSDJBSkhIS0VPV1VER1lERjNXMlBQTFRKR01XT0Y1WUxHT0FOUUpBIiwiaWF0IjoxNzYyMDE4NzI1LCJpc3MiOiJBQ0ZHVTVDWk1FTlpTQUlPR0JaTjYyVzJDS0YyVkhRM1cyUDZLSzZGTE1NTEQ1Nk9ITU42VktLQyIsIm5hbWUiOiJhZ2VudG9wcy1jcmVkZW50aWFscyIsInN1YiI6IlVDUUpMQVRESk1MRlVRUVNOTzVGUU1ERzNNTjNFRUYyUjNPRlZJWUlMSlFCVEpETUhENE1PSFBTIiwibmF0cyI6eyJwdWIiOnt9LCJzdWIiOnt9LCJzdWJzIjotMSwiZGF0YSI6LTEsInBheWxvYWQiOi0xLCJpc3N1ZXJfYWNjb3VudCI6IkFBN0JHSVdKNUpRQUI2UEpDNlNYR01aWkI2Wlo0N1JZUUlJU0ZJSVBaQjNFWVhHWjVPRFdSQkdBIiwidHlwZSI6InVzZXIiLCJ2ZXJzaW9uIjoyfX0.UhmGDkL4_H_ZIAmTNBxJpZwVAMacxoYbZdlk5hii1N5pzzr1a9tz1QbW-ThSg60dkcxFXgw2nGh1XFye2_LWCg\n------END NATS USER JWT------\n\n************************* IMPORTANT *************************\nNKEY Seed printed below can be used to sign and prove identity.\nNKEYs are sensitive and should be treated as secrets.\n\n-----BEGIN USER NKEY SEED-----\nSUALOSPUUQ4SJMRHOYQBRCOUWFEZNIJLUWRCJ3FF5GMT7CYIBDAFACN7PM\n------END USER NKEY SEED------\n\n*************************************************************\n",
            "id": "fr-par/f41a8e04-6ffd-4122-8770-6d2764ef440f",
            "name": "agentops-credentials",
            "region": "fr-par"
          },
          "sensitive_attributes": [
            [
              {
                "type": "get_attr",
                "value": "file"
              }
            ]
          ],
          "identity_schema_version": 0,
          "private": "bnVsbA==",
          "dependencies": [
            "scaleway_mnq_nats_account.agentops"
          ]
        }
      ]
    },
    {
      "mode": "managed",
      "type": "scaleway_object_bucket",
      "name": "artifacts",
      "provider": "provider[\"registry.terraform.io/scaleway/scaleway\"]",
      "instances": [
        {
          "schema_version": 0,
          "attributes": {
            "acl": "private",
            "api_endpoint": "https://s3.fr-par.scw.cloud",
            "cors_rule": [],
            "endpoint": "https://prod-agentops-artifacts.s3.fr-par.scw.cloud",
            "force_destroy": false,
            "id": "fr-par/prod-agentops-artifacts",
            "lifecycle_rule": [],
            "name": "prod-agentops-artifacts",
            "object_lock_enabled": false,
            "project_id": "077c9bc7-a333-4912-ae07-cd6d997485a0",
            "region": "fr-par",
            "tags": {
              "environment": "prod",
              "purpose": "artifacts"
            },
            "timeouts": null,
            "versioning": [
              {
                "enabled": true
              }
            ]
          },
          "sensitive_attributes": [],
          "identity_schema_version": 0,
          "private": "eyJlMmJmYjczMC1lY2FhLTExZTYtOGY4OC0zNDM2M2JjN2M0YzAiOnsiY3JlYXRlIjo2MDAwMDAwMDAwMDAsImRlZmF1bHQiOjYwMDAwMDAwMDAwMCwiZGVsZXRlIjo2MDAwMDAwMDAwMDAsInJlYWQiOjYwMDAwMDAwMDAwMCwidXBkYXRlIjo2MDAwMDAwMDAwMDB9fQ=="
        }
      ]
    },
    {
      "mode": "managed",
      "type": "scaleway_redis_cluster",
      "name": "agentops",
      "provider": "provider[\"registry.terraform.io/scaleway/scaleway\"]",
      "instances": [
        {
          "schema_version": 0,
          "attributes": {
            "acl": [],
            "certificate": "",
            "cluster_size": 1,
            "created_at": "2025-11-01T18:20:48Z",
            "id": "fr-par-1/04a10fa1-8c37-44ca-9190-4d955b2e8210",
            "name": "prod-agentops-redis",
            "node_type": "RED1-micro",
            "password": "AgentOps2025!RedisCache",
            "private_ips": [
              {
                "address": "172.16.12.2",
                "id": "fr-par/adf3c159-f929-4d11-8b46-03b46dea0479"
              }
            ],
            "private_network": [
              {
                "endpoint_id": "f429327a-999b-4cbc-a2a8-f5f5802293be",
                "id": "fr-par/b828a9bf-c7cc-41d5-b569-b2201f4ba2de",
                "ips": [
                  "172.16.12.2"
                ],
                "port": 6379,
                "service_ips": [
                  "172.16.12.2/22"
                ],
                "zone": "fr-par-1"
              }
            ],
            "project_id": "077c9bc7-a333-4912-ae07-cd6d997485a0",
            "public_network": [],
            "settings": null,
            "tags": [
              "agentops",
              "redis",
              "prod"
            ],
            "timeouts": null,
            "tls_enabled": null,
            "updated_at": "2025-11-01T18:22:46Z",
            "user_name": "agentops",
            "version": "7.2.11",
            "zone": "fr-par-1"
          },
          "sensitive_attributes": [
            [
              {
                "type": "get_attr",
                "value": "password"
              }
            ]
          ],
          "identity_schema_version": 0,
          "private": "eyJlMmJmYjczMC1lY2FhLTExZTYtOGY4OC0zNDM2M2JjN2M0YzAiOnsiY3JlYXRlIjo5MDAwMDAwMDAwMDAsImRlZmF1bHQiOjkwMDAwMDAwMDAwMCwiZGVsZXRlIjo5MDAwMDAwMDAwMDAsInJlYWQiOjkwMDAwMDAwMDAwMCwidXBkYXRlIjo5MDAwMDAwMDAwMDB9fQ==",
          "dependencies": [
            "scaleway_vpc.agentops",
            "scaleway_vpc_private_network.agentops"
          ]
        }
      ]
    },
    {
      "mode": "managed",
      "type": "scaleway_registry_namespace",
      "name": "agentops",
      "provider": "provider[\"registry.terraform.io/scaleway/scaleway\"]",
      "instances": [
        {
          "schema_version": 0,
          "attributes": {
            "description": "Container images for AgentOps system",
            "endpoint": "rg.fr-par.scw.cloud/prod-agentops",
            "id": "fr-par/9d6c86fa-6284-4a70-aa44-469520db47c6",
            "is_public": false,
            "name": "prod-agentops",
            "organization_id": "c5d299b8-8462-40fb-b5ae-32a8808bf394",
            "project_id": "077c9bc7-a333-4912-ae07-cd6d997485a0",
            "region": "fr-par",
            "timeouts": null
          },
          "sensitive_attributes": [],
          "identity_schema_version": 0,
          "private": "eyJlMmJmYjczMC1lY2FhLTExZTYtOGY4OC0zNDM2M2JjN2M0YzAiOnsiY3JlYXRlIjozMDAwMDAwMDAwMDAsImRlZmF1bHQiOjMwMDAwMDAwMDAwMCwiZGVsZXRlIjozMDAwMDAwMDAwMDAsInJlYWQiOjMwMDAwMDAwMDAwMCwidXBkYXRlIjozMDAwMDAwMDAwMDB9fQ=="
        }
      ]
    },
    {
      "mode": "managed",
      "type": "scaleway_sdb_sql_database",
      "name": "agentops",
      "provider": "provider[\"registry.terraform.io/scaleway/scaleway\"]",
      "instances": [
        {
          "schema_version": 0,
          "attributes": {
            "endpoint": "postgres://6838bdb4-a8db-453f-84e5-0b9025abd987.pg.sdb.fr-par.scw.cloud:5432/prod-agentops-db?sslmode=require",
            "id": "fr-par/6838bdb4-a8db-453f-84e5-0b9025abd987",
            "max_cpu": 15,
            "min_cpu": 0,
            "name": "prod-agentops-db",
            "project_id": "077c9bc7-a333-4912-ae07-cd6d997485a0",
            "region": "fr-par",
            "timeouts": null
          },
          "sensitive_attributes": [],
          "identity_schema_version": 0,
          "private": "eyJlMmJmYjczMC1lY2FhLTExZTYtOGY4OC0zNDM2M2JjN2M0YzAiOnsiY3JlYXRlIjo5MDAwMDAwMDAwMDAsImRlZmF1bHQiOjkwMDAwMDAwMDAwMCwiZGVsZXRlIjo5MDAwMDAwMDAwMDAsInJlYWQiOjkwMDAwMDAwMDAwMCwidXBkYXRlIjo5MDAwMDAwMDAwMDB9fQ=="
        }
      ]
    },
    {
      "mode": "managed",
      "type": "scaleway_secret",
      "name": "db_password",
      "provider": "provider[\"registry.terraform.io/scaleway/scaleway\"]",
      "instances": [
        {
          "schema_version": 0,
          "attributes": {
            "created_at": "2025-11-01T17:38:45Z",
            "description": "Serverless SQL database password",
            "ephemeral_policy": [],
            "id": "fr-par/818133d3-e544-48a1-b219-f41032b017c6",
            "name": "prod-db-password",
            "path": "/",
            "project_id": "077c9bc7-a333-4912-ae07-cd6d997485a0",
            "protected": false,
            "region": "fr-par",
            "status": "ready",
            "tags": [
              "agentops",
              "prod",
              "database"
            ],
            "timeouts": null,
            "type": "opaque",
            "updated_at": "2025-11-01T17:38:45Z",
            "version_count": 1,
            "versions": [
              {
                "created_at": "2025-11-01T17:38:45Z",
                "description": "",
                "latest": true,
                "revision": "1",
                "secret_id": "818133d3-e544-48a1-b219-f41032b017c6",
                "status": "enabled",
                "updated_at": "2025-11-01T17:38:45Z"
              }
            ]
          },
          "sensitive_attributes": [],
          "identity_schema_version": 0,
          "private": "eyJlMmJmYjczMC1lY2FhLTExZTYtOGY4OC0zNDM2M2JjN2M0YzAiOnsiY3JlYXRlIjozMDAwMDAwMDAwMDAsImRlZmF1bHQiOjMwMDAwMDAwMDAwMCwiZGVsZXRlIjozMDAwMDAwMDAwMDAsInJlYWQiOjMwMDAwMDAwMDAwMCwidXBkYXRlIjozMDAwMDAwMDAwMDB9fQ=="
        }
      ]
    },
    {
      "mode": "managed",
      "type": "scaleway_secret",
      "name": "nats_credentials",
      "provider": "provider[\"registry.terraform.io/scaleway/scaleway\"]",
      "instances": [
        {
          "schema_version": 0,
          "attributes": {
            "created_at": "2025-11-01T17:38:45Z",
            "description": "NATS messaging credentials",
            "ephemeral_policy": [],
            "id": "fr-par/ccdffa9b-392a-4ca7-9d96-476a49948e5d",
            "name": "prod-nats-credentials",
            "path": "/",
            "project_id": "077c9bc7-a333-4912-ae07-cd6d997485a0",
            "protected": false,
            "region": "fr-par",
            "status": "ready",
            "tags": [
              "agentops",
              "prod",
              "messaging"
            ],
            "timeouts": null,
            "type": "opaque",
            "updated_at": "2025-11-01T17:38:45Z",
            "version_count": 1,
            "versions": [
              {
                "created_at": "2025-11-01T17:38:46Z",
                "description": "",
                "latest": true,
                "revision": "1",
                "secret_id": "ccdffa9b-392a-4ca7-9d96-476a49948e5d",
                "status": "enabled",
                "updated_at": "2025-11-01T17:38:46Z"
              }
            ]
          },
          "sensitive_attributes": [],
          "identity_schema_version": 0,
          "private": "eyJlMmJmYjczMC1lY2FhLTExZTYtOGY4OC0zNDM2M2JjN2M0YzAiOnsiY3JlYXRlIjozMDAwMDAwMDAwMDAsImRlZmF1bHQiOjMwMDAwMDAwMDAwMCwiZGVsZXRlIjozMDAwMDAwMDAwMDAsInJlYWQiOjMwMDAwMDAwMDAwMCwidXBkYXRlIjozMDAwMDAwMDAwMDB9fQ=="
        }
      ]
    },
    {
      "mode": "managed",
      "type": "scaleway_secret",
      "name": "openrouter_api_key",
      "provider": "provider[\"registry.terraform.io/scaleway/scaleway\"]",
      "instances": [
        {
          "schema_version": 0,
          "attributes": {
            "created_at": "2025-11-01T17:38:45Z",
            "description": "OpenRouter API key for LLM access",
            "ephemeral_policy": [],
            "id": "fr-par/76611b83-d288-476d-b65b-05ea7cdcc398",
            "name": "prod-openrouter-api-key",
            "path": "/",
            "project_id": "077c9bc7-a333-4912-ae07-cd6d997485a0",
            "protected": false,
            "region": "fr-par",
            "status": "ready",
            "tags": [
              "agentops",
              "prod",
              "api-key"
            ],
            "timeouts": null,
            "type": "opaque",
            "updated_at": "2025-11-01T17:38:45Z",
            "version_count": 1,
            "versions": [
              {
                "created_at": "2025-11-01T17:38:45Z",
                "description": "",
                "latest": true,
                "revision": "1",
                "secret_id": "76611b83-d288-476d-b65b-05ea7cdcc398",
                "status": "enabled",
                "updated_at": "2025-11-01T17:38:45Z"
              }
            ]
          },
          "sensitive_attributes": [],
          "identity_schema_version": 0,
          "private": "eyJlMmJmYjczMC1lY2FhLTExZTYtOGY4OC0zNDM2M2JjN2M0YzAiOnsiY3JlYXRlIjozMDAwMDAwMDAwMDAsImRlZmF1bHQiOjMwMDAwMDAwMDAwMCwiZGVsZXRlIjozMDAwMDAwMDAwMDAsInJlYWQiOjMwMDAwMDAwMDAwMCwidXBkYXRlIjozMDAwMDAwMDAwMDB9fQ=="
        }
      ]
    },
    {
      "mode": "managed",
      "type": "scaleway_secret_version",
      "name": "db_password_v1",
      "provider": "provider[\"registry.terraform.io/scaleway/scaleway\"]",
      "instances": [
        {
          "schema_version": 0,
          "attributes": {
            "created_at": "2025-11-01T17:38:45Z",
            "data": "QWdlbnRPcHMyMDI1IVNlY3VyZURC",
            "description": "",
            "id": "fr-par/818133d3-e544-48a1-b219-f41032b017c6/1",
            "region": "fr-par",
            "revision": "1",
            "secret_id": "fr-par/818133d3-e544-48a1-b219-f41032b017c6",
            "status": "enabled",
            "timeouts": null,
            "updated_at": "2025-11-01T17:38:45Z"
          },
          "sensitive_attributes": [
            [
              {
                "type": "get_attr",
                "value": "data"
              }
            ]
          ],
          "identity_schema_version": 0,
          "private": "eyJlMmJmYjczMC1lY2FhLTExZTYtOGY4OC0zNDM2M2JjN2M0YzAiOnsiY3JlYXRlIjozMDAwMDAwMDAwMDAsImRlZmF1bHQiOjMwMDAwMDAwMDAwMCwiZGVsZXRlIjozMDAwMDAwMDAwMDAsInJlYWQiOjMwMDAwMDAwMDAwMCwidXBkYXRlIjozMDAwMDAwMDAwMDB9fQ==",
          "dependencies": [
            "scaleway_secret.db_password"
          ]
        }
      ]
    },
    {
      "mode": "managed",
      "type": "scaleway_secret_version",
      "name": "nats_credentials_v1",
      "provider": "provider[\"registry.terraform.io/scaleway/scaleway\"]",
      "instances": [
        {
          "schema_version": 0,
          "attributes": {
            "created_at": "2025-11-01T17:38:46Z",
            "data": "LS0tLS1CRUdJTiBOQVRTIFVTRVIgSldULS0tLS0KZXlKMGVYQWlPaUpLVjFRaUxDSmhiR2NpT2lKbFpESTFOVEU1TFc1clpYa2lmUS5leUpxZEdraU9pSlpNa1JRTlZSRVUxaEJSRkJVU0RKQlNraElTMFZQVjFWRVIxbEVSak5YTWxCUVRGUktSMDFYVDBZMVdVeEhUMEZPVVVwQklpd2lhV0YwSWpveE56WXlNREU0TnpJMUxDSnBjM01pT2lKQlEwWkhWVFZEV2sxRlRscFRRVWxQUjBKYVRqWXlWekpEUzBZeVZraFJNMWN5VURaTFN6WkdURTFOVEVRMU5rOUlUVTQyVmt0TFF5SXNJbTVoYldVaU9pSmhaMlZ1ZEc5d2N5MWpjbVZrWlc1MGFXRnNjeUlzSW5OMVlpSTZJbFZEVVVwTVFWUkVTazFNUmxWUlVWTk9UelZHVVUxRVJ6Tk5Uak5GUlVZeVVqTlBSbFpKV1VsTVNsRkNWRXBFVFVoRU5FMVBTRkJUSWl3aWJtRjBjeUk2ZXlKd2RXSWlPbnQ5TENKemRXSWlPbnQ5TENKemRXSnpJam90TVN3aVpHRjBZU0k2TFRFc0luQmhlV3h2WVdRaU9pMHhMQ0pwYzNOMVpYSmZZV05qYjNWdWRDSTZJa0ZCTjBKSFNWZEtOVXBSUVVJMlVFcERObE5ZUjAxYVdrSTJXbG8wTjFKWlVVbEpVMFpKU1ZCYVFqTkZXVmhIV2pWUFJGZFNRa2RCSWl3aWRIbHdaU0k2SW5WelpYSWlMQ0oyWlhKemFXOXVJam95ZlgwLlVobUdEa0w0X0hfWklBbVROQnhKcFp3VkFNYWN4b1liWmRsazVoaWkxTjVwenpyMWE5dHoxUWJXLVRoU2c2MGRrY3hGWGd3Mm5HaDFYRnllMl9MV0NnCi0tLS0tLUVORCBOQVRTIFVTRVIgSldULS0tLS0tCgoqKioqKioqKioqKioqKioqKioqKioqKioqIElNUE9SVEFOVCAqKioqKioqKioqKioqKioqKioqKioqKioqCk5LRVkgU2VlZCBwcmludGVkIGJlbG93IGNhbiBiZSB1c2VkIHRvIHNpZ24gYW5kIHByb3ZlIGlkZW50aXR5LgpOS0VZcyBhcmUgc2Vuc2l0aXZlIGFuZCBzaG91bGQgYmUgdHJlYXRlZCBhcyBzZWNyZXRzLgoKLS0tLS1CRUdJTiBVU0VSIE5LRVkgU0VFRC0tLS0tClNVQUxPU1BVVVE0U0pNUkhPWVFCUkNPVVdGRVpOSUpMVVdSQ0ozRkY1R01UN0NZSUJEQUZBQ043UE0KLS0tLS0tRU5EIFVTRVIgTktFWSBTRUVELS0tLS0tCgoqKioqKioqKioqKioqKioqKioqKioqKioqKioqKioqKioqKioqKioqKioqKioqKioqKioqKioqKioqKioqCg==",
            "description": "",
            "id": "fr-par/ccdffa9b-392a-4ca7-9d96-476a49948e5d/1",
            "region": "fr-par",
            "revision": "1",
            "secret_id": "fr-par/ccdffa9b-392a-4ca7-9d96-476a49948e5d",
            "status": "enabled",
            "timeouts": null,
            "updated_at": "2025-11-01T17:38:46Z"
          },
          "sensitive_attributes": [
            [
              {
                "type": "get_attr",
                "value": "data"
              }
            ]
          ],
          "identity_schema_version": 0,
          "private": "eyJlMmJmYjczMC1lY2FhLTExZTYtOGY4OC0zNDM2M2JjN2M0YzAiOnsiY3JlYXRlIjozMDAwMDAwMDAwMDAsImRlZmF1bHQiOjMwMDAwMDAwMDAwMCwiZGVsZXRlIjozMDAwMDAwMDAwMDAsInJlYWQiOjMwMDAwMDAwMDAwMCwidXBkYXRlIjozMDAwMDAwMDAwMDB9fQ==",
          "dependencies": [
            "scaleway_mnq_nats_account.agentops",
            "scaleway_mnq_nats_credentials.agentops",
            "scaleway_secret.nats_credentials"
          ]
        }
      ]
    },
    {
      "mode": "managed",
      "type": "scaleway_secret_version",
      "name": "openrouter_api_key_v1",
      "provider": "provider[\"registry.terraform.io/scaleway/scaleway\"]",
      "instances": [
        {
          "schema_version": 0,
          "attributes": {
            "created_at": "2025-11-01T17:38:45Z",
            "data": "c2stb3ItdjEtYjk2NDVhYjIxNDZjYjc1MmM1ZmQ1ZGVhNGE2Y2M2ZDE3ZjUxN2FkYjQxMTBkZWJjNmRkNzhjMzZkYzJhYWFiNg==",
            "description": "",
            "id": "fr-par/76611b83-d288-476d-b65b-05ea7cdcc398/1",
            "region": "fr-par",
            "revision": "1",
            "secret_id": "fr-par/76611b83-d288-476d-b65b-05ea7cdcc398",
            "status": "enabled",
            "timeouts": null,
            "updated_at": "2025-11-01T17:38:45Z"
          },
          "sensitive_attributes": [
            [
              {
                "type": "get_attr",
                "value": "data"
              }
            ]
          ],
          "identity_schema_version": 0,
          "private": "eyJlMmJmYjczMC1lY2FhLTExZTYtOGY4OC0zNDM2M2JjN2M0YzAiOnsiY3JlYXRlIjozMDAwMDAwMDAwMDAsImRlZmF1bHQiOjMwMDAwMDAwMDAwMCwiZGVsZXRlIjozMDAwMDAwMDAwMDAsInJlYWQiOjMwMDAwMDAwMDAwMCwidXBkYXRlIjozMDAwMDAwMDAwMDB9fQ==",
          "dependencies": [
            "scaleway_secret.openrouter_api_key"
          ]
        }
      ]
    },
    {
      "mode": "managed",
      "type": "scaleway_vpc",
      "name": "agentops",
      "provider": "provider[\"registry.terraform.io/scaleway/scaleway\"]",
      "instances": [
        {
          "schema_version": 0,
          "attributes": {
            "created_at": "2025-11-01T17:38:45Z",
            "enable_custom_routes_propagation": true,
            "enable_routing": true,
            "id": "fr-par/9226f62c-1ac4-4da5-ba07-0a964e1a523e",
            "is_default": false,
            "name": "prod-agentops-vpc",
            "organization_id": "c5d299b8-8462-40fb-b5ae-32a8808bf394",
            "project_id": "077c9bc7-a333-4912-ae07-cd6d997485a0",
            "region": "fr-par",
            "tags": [
              "agentops",
              "prod"
            ],
            "updated_at": "2025-11-01T17:38:45Z"
          },
          "sensitive_attributes": [],
          "identity_schema_version": 0,
          "private": "bnVsbA=="
        }
      ]
    },
    {
      "mode": "managed",
      "type": "scaleway_vpc_private_network",
      "name": "agentops",
      "provider": "provider[\"registry.terraform.io/scaleway/scaleway\"]",
      "instances": [
        {
          "schema_version": 1,
          "attributes": {
            "created_at": "2025-11-01T17:38:45Z",
            "enable_default_route_propagation": false,
            "id": "fr-par/b828a9bf-c7cc-41d5-b569-b2201f4ba2de",
            "ipv4_subnet": [
              {
                "address": "172.16.12.0",
                "created_at": "2025-11-01T17:38:45Z",
                "id": "3d82e8f8-fd43-43c2-b8d4-50b968f56eb4",
                "prefix_length": 22,
                "subnet": "172.16.12.0/22",
                "subnet_mask": "255.255.252.0",
                "updated_at": "2025-11-01T17:38:45Z"
              }
            ],
            "ipv6_subnets": [
              {
                "address": "fded:53d3:332a:fc9b::",
                "created_at": "2025-11-01T17:38:45Z",
                "id": "33d5dddc-e45e-4407-ab50-0fc308ece711",
                "prefix_length": 64,
                "subnet": "fded:53d3:332a:fc9b::/64",
                "subnet_mask": "255.255.255.255.255.255.255.255.0.0.0.0.0.0.0.0",
                "updated_at": "2025-11-01T17:38:45Z"
              }
            ],
            "is_regional": true,
            "name": "prod-agentops-network",
            "organization_id": "c5d299b8-8462-40fb-b5ae-32a8808bf394",
            "project_id": "077c9bc7-a333-4912-ae07-cd6d997485a0",
            "region": "fr-par",
            "tags": [
              "agentops",
              "prod"
            ],
            "updated_at": "2025-11-01T17:38:45Z",
            "vpc_id": "fr-par/9226f62c-1ac4-4da5-ba07-0a964e1a523e",
            "zone": "fr-par-1"
          },
          "sensitive_attributes": [],
          "identity_schema_version": 0,
          "private": "eyJzY2hlbWFfdmVyc2lvbiI6IjEifQ==",
          "dependencies": [
            "scaleway_vpc.agentops"
          ]
        }
      ]
    }
  ],
  "check_results": null
}
