{
  "version": 4,
  "terraform_version": "1.5.7",
  "serial": 61,
  "lineage": "b1c7c224-57a2-1ed9-3467-436f39947e64",
  "outputs": {
    "cockpit_grafana_url": {
      "value": "https://cockpit.fr-par.scw.cloud",
      "type": "string"
    },
    "container_namespace_endpoint": {
      "value": "https://fr-par/7e07aab2-d5e5-46f4-9b99-e2442e961691.containers.fnc.fr-par.scw.cloud",
      "type": "string"
    },
    "container_namespace_id": {
      "value": "fr-par/7e07aab2-d5e5-46f4-9b99-e2442e961691",
      "type": "string"
    },
    "container_registry_endpoint": {
      "value": "rg.fr-par.scw.cloud/fresh-agentops",
      "type": "string"
    },
    "nats_account_id": {
      "value": "fr-par/ACXFBVS2WNKETC75DQXPC4IKXHL4P3HINC52A3QEXFWTSVQFXM6HTIKT",
      "type": "string"
    },
    "nats_endpoint": {
      "value": "nats://nats.mnq.fr-par.scaleway.com:4222",
      "type": "string",
      "sensitive": true
    },
    "private_network_id": {
      "value": "fr-par/bee098c3-9e89-45bf-b74a-974ebe0204ce",
      "type": "string"
    },
    "redis_cluster_id": {
      "value": "fr-par-1/4df135b7-f3aa-4e4c-a4c0-3c7367077513",
      "type": "string"
    },
    "redis_endpoint": {
      "value": "172.16.16.2:6379",
      "type": "string",
      "sensitive": true
    },
    "s3_bucket_endpoint": {
      "value": "https://fresh-agentops-artifacts.s3.fr-par.scw.cloud",
      "type": "string"
    },
    "s3_bucket_name": {
      "value": "fresh-agentops-artifacts",
      "type": "string"
    },
    "secret_manager_ids": {
      "value": {
        "db_password": "fr-par/09deb5bf-ddc4-497c-b0b7-1fabb85940f4",
        "nats_credentials": "fr-par/e05fe2e4-ff35-4782-90c1-a9fb90f76170",
        "openrouter_api_key": "fr-par/dc273d51-8f1c-434f-acf5-12bf269dcc81"
      },
      "type": [
        "object",
        {
          "db_password": "string",
          "nats_credentials": "string",
          "openrouter_api_key": "string"
        }
      ],
      "sensitive": true
    },
    "serverless_sql_database": {
      "value": "fresh-agentops-db",
      "type": "string"
    },
    "serverless_sql_endpoint": {
      "value": "postgres://3ef3eaf8-893e-46f8-8ae3-0027b931e47f.pg.sdb.fr-par.scw.cloud:5432/fresh-agentops-db?sslmode=require",
      "type": "string",
      "sensitive": true
    },
    "vpc_id": {
      "value": "fr-par/08c00645-825d-493f-8940-9cf313c6311f",
      "type": "string"
    }
  },
  "resources": [
    {
      "mode": "managed",
      "type": "scaleway_container_namespace",
      "name": "agentops",
      "provider": "provider[\"registry.terraform.io/scaleway/scaleway\"]",
      "instances": [
        {
          "schema_version": 0,
          "attributes": {
            "activate_vpc_integration": true,
            "description": "Serverless containers for AgentOps system",
            "destroy_registry": false,
            "environment_variables": {
              "DB_NAME": "fresh-agentops-db",
              "DB_TYPE": "serverless-sql",
              "ENVIRONMENT": "fresh",
              "LLM_ANTHROPIC_FALLBACK": "anthropic/claude-3.5-sonnet",
              "LLM_ANTHROPIC_PATTERN": "anthropic/claude-3.5-sonnet.*",
              "LLM_AUTO_DISCOVERY": "true",
              "LLM_CACHE_TTL": "3600",
              "LLM_GROQ_FALLBACK": "groq/llama-3.3-70b-versatile",
              "LLM_GROQ_PATTERN": "groq/llama-3.*",
              "LLM_OPENAI_FALLBACK": "openai/gpt-4o-mini",
              "LLM_OPENAI_PATTERN": "openai/gpt-4o.*",
              "LLM_PRIMARY_PROVIDER": "groq",
              "LLM_SECONDARY_PROVIDER": "openai",
              "LLM_STRATEGY": "auto-latest",
              "LLM_TERTIARY_PROVIDER": "anthropic",
              "LLM_ZERO_KNOWLEDGE_ONLY": "true",
              "NATS_ACCOUNT_ID": "fr-par/ACXFBVS2WNKETC75DQXPC4IKXHL4P3HINC52A3QEXFWTSVQFXM6HTIKT",
              "NATS_ENABLED": "true",
              "OPENROUTER_BASE_URL": "https://openrouter.ai/api/v1",
              "OPENROUTER_MODELS_REFRESH_INTERVAL": "3600",
              "OPENROUTER_USE_ZDR_ONLY": "true",
              "OPENROUTER_ZDR_ENDPOINT": "https://openrouter.ai/api/v1/endpoints/zdr",
              "REDIS_DB": "0",
              "REDIS_ENABLED": "true",
              "REDIS_MAX_CONNECTIONS": "50",
              "S3_BUCKET": "fresh-agentops-artifacts",
              "S3_ENDPOINT": "https://fresh-agentops-artifacts.s3.fr-par.scw.cloud",
              "S3_REGION": "fr-par"
            },
            "id": "fr-par/7e07aab2-d5e5-46f4-9b99-e2442e961691",
            "name": "fresh-agentops",
            "organization_id": "c5d299b8-8462-40fb-b5ae-32a8808bf394",
            "project_id": "b6c2c4f2-4697-4927-9580-143bf8c3f588",
            "region": "fr-par",
            "registry_endpoint": "rg.fr-par.scw.cloud/funcscwfreshagentopsigyf3pz8",
            "registry_namespace_id": "254cc6a9-bb6f-4a00-bc6c-f45db1fc3f10",
            "secret_environment_variables": {
              "DB_HOST": "$argon2id$v=19$m=65536,t=1,p=2$vPWRhsL4zcO97IfQbgIerw$U2WU5hA1/Kw31otRyB3+k3y4jU3rJqXHnl73yrgoPpQ",
              "DB_PASSWORD": "$argon2id$v=19$m=65536,t=1,p=2$CjCtxqbGRa+czLSHLedT0Q$tsbW5gSFzyQPqSO0fJvoTaWa+Gy0H8QNJZfMiqiERJw",
              "NATS_CREDENTIALS": "$argon2id$v=19$m=65536,t=1,p=2$COZ4TlXFWah6rSTC6j7Jmw$zXLxIyzHipKHk3nelSTbyHhHHX7wGKeHR9h040pLuxU",
              "NATS_URL": "$argon2id$v=19$m=65536,t=1,p=2$sPAvR4QE6Vf8TzsO/IYR2A$ckDyzjEh562pArcGwTn3n2VedG+1Mur4lLrJ3Ihj1tc",
              "OPENROUTER_API_KEY": "$argon2id$v=19$m=65536,t=1,p=2$7lFbcDwDD1BCLVecvq/l5Q$uWgls+lPAC1gh1Qw8zWLA32s6FGMcmDjULMPmfQWaUA",
              "REDIS_HOST": "$argon2id$v=19$m=65536,t=1,p=2$zHNJf62oUCJINuqacX5nMg$w2c3KhkvturxrSBNxaSynHsfTHys002K2AIAAHytR+A",
              "REDIS_PASSWORD": "$argon2id$v=19$m=65536,t=1,p=2$/sWHBU7Bkz1kRKkTSGWgYg$FrICEdC63RQa8QqQaheCuL7xO+N5DwDof7olO12avFg",
              "REDIS_PORT": "$argon2id$v=19$m=65536,t=1,p=2$Ekq9vDWPPG0k0EP8ZBPlqg$P37n+jLLMBnzfjpAqWJMloW+PmX77AmWwNw0jKhMiRk"
            },
            "tags": null,
            "timeouts": null
          },
          "sensitive_attributes": [
            [
              {
                "type": "get_attr",
                "value": "secret_environment_variables"
              },
              {
                "type": "index",
                "value": {
                  "value": "DB_PASSWORD",
                  "type": "string"
                }
              }
            ],
            [
              {
                "type": "get_attr",
                "value": "secret_environment_variables"
              },
              {
                "type": "index",
                "value": {
                  "value": "NATS_CREDENTIALS",
                  "type": "string"
                }
              }
            ],
            [
              {
                "type": "get_attr",
                "value": "secret_environment_variables"
              },
              {
                "type": "index",
                "value": {
                  "value": "OPENROUTER_API_KEY",
                  "type": "string"
                }
              }
            ],
            [
              {
                "type": "get_attr",
                "value": "secret_environment_variables"
              },
              {
                "type": "index",
                "value": {
                  "value": "REDIS_PASSWORD",
                  "type": "string"
                }
              }
            ]
          ],
          "private": "eyJlMmJmYjczMC1lY2FhLTExZTYtOGY4OC0zNDM2M2JjN2M0YzAiOnsiY3JlYXRlIjozMDAwMDAwMDAwMDAsImRlZmF1bHQiOjMwMDAwMDAwMDAwMCwiZGVsZXRlIjozMDAwMDAwMDAwMDAsInJlYWQiOjMwMDAwMDAwMDAwMCwidXBkYXRlIjozMDAwMDAwMDAwMDB9fQ==",
          "dependencies": [
            "scaleway_mnq_nats_account.agentops",
            "scaleway_mnq_nats_credentials.agentops",
            "scaleway_object_bucket.artifacts",
            "scaleway_redis_cluster.agentops",
            "scaleway_sdb_sql_database.agentops",
            "scaleway_vpc.agentops",
            "scaleway_vpc_private_network.agentops"
          ]
        }
      ]
    },
    {
      "mode": "managed",
      "type": "scaleway_mnq_nats_account",
      "name": "agentops",
      "provider": "provider[\"registry.terraform.io/scaleway/scaleway\"]",
      "instances": [
        {
          "schema_version": 0,
          "attributes": {
            "endpoint": "nats://nats.mnq.fr-par.scaleway.com:4222",
            "id": "fr-par/ACXFBVS2WNKETC75DQXPC4IKXHL4P3HINC52A3QEXFWTSVQFXM6HTIKT",
            "name": "fresh-agentops-messaging",
            "project_id": "b6c2c4f2-4697-4927-9580-143bf8c3f588",
            "region": "fr-par"
          },
          "sensitive_attributes": [],
          "private": "bnVsbA=="
        }
      ]
    },
    {
      "mode": "managed",
      "type": "scaleway_mnq_nats_credentials",
      "name": "agentops",
      "provider": "provider[\"registry.terraform.io/scaleway/scaleway\"]",
      "instances": [
        {
          "schema_version": 0,
          "attributes": {
            "account_id": "ACXFBVS2WNKETC75DQXPC4IKXHL4P3HINC52A3QEXFWTSVQFXM6HTIKT",
            "file": "-----BEGIN NATS USER JWT-----\neyJ0eXAiOiJKV1QiLCJhbGciOiJlZDI1NTE5LW5rZXkifQ.eyJqdGkiOiI3WTJDUVdTMkMzVEFHNVQ1TUxZRE9RVDYyNVo3TjNKNEtOVEJHQUNKTlhPR1k3NVFFTzRBIiwiaWF0IjoxNzYyMDMyNTI1LCJpc3MiOiJBRE5EMklNNE42VTI1V040S0lQWDVZSVZLUTRLT1laWjZGSjVOVlpKSTQ1Vk1NTkFLSkpXUUlSTiIsIm5hbWUiOiJhZ2VudG9wcy1jcmVkZW50aWFscyIsInN1YiI6IlVBQ0tTUUg3WTRJU05NTENITEhZUERMVTRWUk5GU1AyQVZHNUM3RE1NUzM3RFZKMjRaREZCTlpZIiwibmF0cyI6eyJwdWIiOnt9LCJzdWIiOnt9LCJzdWJzIjotMSwiZGF0YSI6LTEsInBheWxvYWQiOi0xLCJpc3N1ZXJfYWNjb3VudCI6IkFDWEZCVlMyV05LRVRDNzVEUVhQQzRJS1hITDRQM0hJTkM1MkEzUUVYRldUU1ZRRlhNNkhUSUtUIiwidHlwZSI6InVzZXIiLCJ2ZXJzaW9uIjoyfX0.rhs3Njls_vFAimir1wkJe2yIcPRODK3AQqKS5GzxJkxwToZp3172SZIk86ChGzAnqjRBEOiNU97hO6K_aGMzCw\n------END NATS USER JWT------\n\n************************* IMPORTANT *************************\nNKEY Seed printed below can be used to sign and prove identity.\nNKEYs are sensitive and should be treated as secrets.\n\n-----BEGIN USER NKEY SEED-----\nSUAKN2QZGXFKOYMSXCCN777FGXF6GZPQZROTBIZFR4DBEXK6R6BRVQKWGY\n------END USER NKEY SEED------\n\n*************************************************************\n",
            "id": "fr-par/b257c7ea-e13a-448d-9d94-2abc303210de",
            "name": "agentops-credentials",
            "region": "fr-par"
          },
          "sensitive_attributes": [],
          "private": "bnVsbA==",
          "dependencies": [
            "scaleway_mnq_nats_account.agentops"
          ]
        }
      ]
    },
    {
      "mode": "managed",
      "type": "scaleway_object_bucket",
      "name": "artifacts",
      "provider": "provider[\"registry.terraform.io/scaleway/scaleway\"]",
      "instances": [
        {
          "schema_version": 0,
          "attributes": {
            "acl": "private",
            "api_endpoint": "https://s3.fr-par.scw.cloud",
            "cors_rule": [],
            "endpoint": "https://fresh-agentops-artifacts.s3.fr-par.scw.cloud",
            "force_destroy": false,
            "id": "fr-par/fresh-agentops-artifacts",
            "lifecycle_rule": [],
            "name": "fresh-agentops-artifacts",
            "object_lock_enabled": false,
            "project_id": "b6c2c4f2-4697-4927-9580-143bf8c3f588",
            "region": "fr-par",
            "tags": {
              "environment": "fresh",
              "purpose": "artifacts"
            },
            "timeouts": null,
            "versioning": [
              {
                "enabled": true
              }
            ]
          },
          "sensitive_attributes": [],
          "private": "eyJlMmJmYjczMC1lY2FhLTExZTYtOGY4OC0zNDM2M2JjN2M0YzAiOnsiY3JlYXRlIjo2MDAwMDAwMDAwMDAsImRlZmF1bHQiOjYwMDAwMDAwMDAwMCwiZGVsZXRlIjo2MDAwMDAwMDAwMDAsInJlYWQiOjYwMDAwMDAwMDAwMCwidXBkYXRlIjo2MDAwMDAwMDAwMDB9fQ=="
        }
      ]
    },
    {
      "mode": "managed",
      "type": "scaleway_redis_cluster",
      "name": "agentops",
      "provider": "provider[\"registry.terraform.io/scaleway/scaleway\"]",
      "instances": [
        {
          "schema_version": 0,
          "attributes": {
            "acl": [],
            "certificate": "",
            "cluster_size": 1,
            "created_at": "2025-11-01T21:28:47Z",
            "id": "fr-par-1/4df135b7-f3aa-4e4c-a4c0-3c7367077513",
            "name": "fresh-agentops-redis",
            "node_type": "RED1-micro",
            "password": "AgentOps2025!RedisCache",
            "private_ips": [
              {
                "address": "172.16.16.2",
                "id": "fr-par/abd48e86-0540-412f-a731-c54c4b2581a5"
              }
            ],
            "private_network": [
              {
                "endpoint_id": "7cbc801d-7c77-4f9d-9a0f-3023bb4cfc89",
                "id": "fr-par/bee098c3-9e89-45bf-b74a-974ebe0204ce",
                "ips": [
                  "172.16.16.2"
                ],
                "port": 6379,
                "service_ips": [
                  "172.16.16.2/22"
                ],
                "zone": "fr-par-1"
              }
            ],
            "project_id": "b6c2c4f2-4697-4927-9580-143bf8c3f588",
            "public_network": [],
            "settings": null,
            "tags": [
              "agentops",
              "redis",
              "fresh"
            ],
            "timeouts": null,
            "tls_enabled": null,
            "updated_at": "2025-11-01T21:30:47Z",
            "user_name": "agentops",
            "version": "7.2.11",
            "zone": "fr-par-1"
          },
          "sensitive_attributes": [
            [
              {
                "type": "get_attr",
                "value": "password"
              }
            ]
          ],
          "private": "eyJlMmJmYjczMC1lY2FhLTExZTYtOGY4OC0zNDM2M2JjN2M0YzAiOnsiY3JlYXRlIjo5MDAwMDAwMDAwMDAsImRlZmF1bHQiOjkwMDAwMDAwMDAwMCwiZGVsZXRlIjo5MDAwMDAwMDAwMDAsInJlYWQiOjkwMDAwMDAwMDAwMCwidXBkYXRlIjo5MDAwMDAwMDAwMDB9fQ==",
          "dependencies": [
            "scaleway_vpc.agentops",
            "scaleway_vpc_private_network.agentops"
          ]
        }
      ]
    },
    {
      "mode": "managed",
      "type": "scaleway_registry_namespace",
      "name": "agentops",
      "provider": "provider[\"registry.terraform.io/scaleway/scaleway\"]",
      "instances": [
        {
          "schema_version": 0,
          "attributes": {
            "description": "Container images for AgentOps system",
            "endpoint": "rg.fr-par.scw.cloud/fresh-agentops",
            "id": "fr-par/5db8adb5-df7c-47d4-85fb-32f923e5302f",
            "is_public": false,
            "name": "fresh-agentops",
            "organization_id": "c5d299b8-8462-40fb-b5ae-32a8808bf394",
            "project_id": "b6c2c4f2-4697-4927-9580-143bf8c3f588",
            "region": "fr-par",
            "timeouts": null
          },
          "sensitive_attributes": [],
          "private": "eyJlMmJmYjczMC1lY2FhLTExZTYtOGY4OC0zNDM2M2JjN2M0YzAiOnsiY3JlYXRlIjozMDAwMDAwMDAwMDAsImRlZmF1bHQiOjMwMDAwMDAwMDAwMCwiZGVsZXRlIjozMDAwMDAwMDAwMDAsInJlYWQiOjMwMDAwMDAwMDAwMCwidXBkYXRlIjozMDAwMDAwMDAwMDB9fQ=="
        }
      ]
    },
    {
      "mode": "managed",
      "type": "scaleway_sdb_sql_database",
      "name": "agentops",
      "provider": "provider[\"registry.terraform.io/scaleway/scaleway\"]",
      "instances": [
        {
          "schema_version": 0,
          "attributes": {
            "endpoint": "postgres://3ef3eaf8-893e-46f8-8ae3-0027b931e47f.pg.sdb.fr-par.scw.cloud:5432/fresh-agentops-db?sslmode=require",
            "id": "fr-par/3ef3eaf8-893e-46f8-8ae3-0027b931e47f",
            "max_cpu": 15,
            "min_cpu": 0,
            "name": "fresh-agentops-db",
            "project_id": "b6c2c4f2-4697-4927-9580-143bf8c3f588",
            "region": "fr-par",
            "timeouts": null
          },
          "sensitive_attributes": [],
          "private": "eyJlMmJmYjczMC1lY2FhLTExZTYtOGY4OC0zNDM2M2JjN2M0YzAiOnsiY3JlYXRlIjo5MDAwMDAwMDAwMDAsImRlZmF1bHQiOjkwMDAwMDAwMDAwMCwiZGVsZXRlIjo5MDAwMDAwMDAwMDAsInJlYWQiOjkwMDAwMDAwMDAwMCwidXBkYXRlIjo5MDAwMDAwMDAwMDB9fQ=="
        }
      ]
    },
    {
      "mode": "managed",
      "type": "scaleway_secret",
      "name": "db_password",
      "provider": "provider[\"registry.terraform.io/scaleway/scaleway\"]",
      "instances": [
        {
          "schema_version": 0,
          "attributes": {
            "created_at": "2025-11-01T21:28:45Z",
            "description": "Serverless SQL database password",
            "ephemeral_policy": [],
            "id": "fr-par/09deb5bf-ddc4-497c-b0b7-1fabb85940f4",
            "name": "fresh-db-password",
            "path": "/",
            "project_id": "b6c2c4f2-4697-4927-9580-143bf8c3f588",
            "protected": false,
            "region": "fr-par",
            "status": "ready",
            "tags": [
              "agentops",
              "fresh",
              "database"
            ],
            "timeouts": null,
            "type": "opaque",
            "updated_at": "2025-11-01T21:28:45Z",
            "version_count": 0,
            "versions": []
          },
          "sensitive_attributes": [],
          "private": "eyJlMmJmYjczMC1lY2FhLTExZTYtOGY4OC0zNDM2M2JjN2M0YzAiOnsiY3JlYXRlIjozMDAwMDAwMDAwMDAsImRlZmF1bHQiOjMwMDAwMDAwMDAwMCwiZGVsZXRlIjozMDAwMDAwMDAwMDAsInJlYWQiOjMwMDAwMDAwMDAwMCwidXBkYXRlIjozMDAwMDAwMDAwMDB9fQ=="
        }
      ]
    },
    {
      "mode": "managed",
      "type": "scaleway_secret",
      "name": "nats_credentials",
      "provider": "provider[\"registry.terraform.io/scaleway/scaleway\"]",
      "instances": [
        {
          "schema_version": 0,
          "attributes": {
            "created_at": "2025-11-01T21:28:45Z",
            "description": "NATS messaging credentials",
            "ephemeral_policy": [],
            "id": "fr-par/e05fe2e4-ff35-4782-90c1-a9fb90f76170",
            "name": "fresh-nats-credentials",
            "path": "/",
            "project_id": "b6c2c4f2-4697-4927-9580-143bf8c3f588",
            "protected": false,
            "region": "fr-par",
            "status": "ready",
            "tags": [
              "agentops",
              "fresh",
              "messaging"
            ],
            "timeouts": null,
            "type": "opaque",
            "updated_at": "2025-11-01T21:28:45Z",
            "version_count": 0,
            "versions": []
          },
          "sensitive_attributes": [],
          "private": "eyJlMmJmYjczMC1lY2FhLTExZTYtOGY4OC0zNDM2M2JjN2M0YzAiOnsiY3JlYXRlIjozMDAwMDAwMDAwMDAsImRlZmF1bHQiOjMwMDAwMDAwMDAwMCwiZGVsZXRlIjozMDAwMDAwMDAwMDAsInJlYWQiOjMwMDAwMDAwMDAwMCwidXBkYXRlIjozMDAwMDAwMDAwMDB9fQ=="
        }
      ]
    },
    {
      "mode": "managed",
      "type": "scaleway_secret",
      "name": "openrouter_api_key",
      "provider": "provider[\"registry.terraform.io/scaleway/scaleway\"]",
      "instances": [
        {
          "schema_version": 0,
          "attributes": {
            "created_at": "2025-11-01T21:28:45Z",
            "description": "OpenRouter API key for LLM access",
            "ephemeral_policy": [],
            "id": "fr-par/dc273d51-8f1c-434f-acf5-12bf269dcc81",
            "name": "fresh-openrouter-api-key",
            "path": "/",
            "project_id": "b6c2c4f2-4697-4927-9580-143bf8c3f588",
            "protected": false,
            "region": "fr-par",
            "status": "ready",
            "tags": [
              "agentops",
              "fresh",
              "api-key"
            ],
            "timeouts": null,
            "type": "opaque",
            "updated_at": "2025-11-01T21:28:45Z",
            "version_count": 0,
            "versions": []
          },
          "sensitive_attributes": [],
          "private": "eyJlMmJmYjczMC1lY2FhLTExZTYtOGY4OC0zNDM2M2JjN2M0YzAiOnsiY3JlYXRlIjozMDAwMDAwMDAwMDAsImRlZmF1bHQiOjMwMDAwMDAwMDAwMCwiZGVsZXRlIjozMDAwMDAwMDAwMDAsInJlYWQiOjMwMDAwMDAwMDAwMCwidXBkYXRlIjozMDAwMDAwMDAwMDB9fQ=="
        }
      ]
    },
    {
      "mode": "managed",
      "type": "scaleway_secret_version",
      "name": "db_password_v1",
      "provider": "provider[\"registry.terraform.io/scaleway/scaleway\"]",
      "instances": [
        {
          "schema_version": 0,
          "attributes": {
            "created_at": "2025-11-01T21:28:46Z",
            "data": "QWdlbnRPcHMyMDI1IVNlY3VyZURC",
            "description": "",
            "id": "fr-par/09deb5bf-ddc4-497c-b0b7-1fabb85940f4/1",
            "region": "fr-par",
            "revision": "1",
            "secret_id": "fr-par/09deb5bf-ddc4-497c-b0b7-1fabb85940f4",
            "status": "enabled",
            "timeouts": null,
            "updated_at": "2025-11-01T21:28:46Z"
          },
          "sensitive_attributes": [
            [
              {
                "type": "get_attr",
                "value": "data"
              }
            ]
          ],
          "private": "eyJlMmJmYjczMC1lY2FhLTExZTYtOGY4OC0zNDM2M2JjN2M0YzAiOnsiY3JlYXRlIjozMDAwMDAwMDAwMDAsImRlZmF1bHQiOjMwMDAwMDAwMDAwMCwiZGVsZXRlIjozMDAwMDAwMDAwMDAsInJlYWQiOjMwMDAwMDAwMDAwMCwidXBkYXRlIjozMDAwMDAwMDAwMDB9fQ==",
          "dependencies": [
            "scaleway_secret.db_password"
          ]
        }
      ]
    },
    {
      "mode": "managed",
      "type": "scaleway_secret_version",
      "name": "nats_credentials_v1",
      "provider": "provider[\"registry.terraform.io/scaleway/scaleway\"]",
      "instances": [
        {
          "schema_version": 0,
          "attributes": {
            "created_at": "2025-11-01T21:28:46Z",
            "data": "LS0tLS1CRUdJTiBOQVRTIFVTRVIgSldULS0tLS0KZXlKMGVYQWlPaUpLVjFRaUxDSmhiR2NpT2lKbFpESTFOVEU1TFc1clpYa2lmUS5leUpxZEdraU9pSTNXVEpEVVZkVE1rTXpWRUZITlZRMVRVeFpSRTlSVkRZeU5WbzNUak5LTkV0T1ZFSkhRVU5LVGxoUFIxazNOVkZGVHpSQklpd2lhV0YwSWpveE56WXlNRE15TlRJMUxDSnBjM01pT2lKQlJFNUVNa2xOTkU0MlZUSTFWMDQwUzBsUVdEVlpTVlpMVVRSTFQxbGFXalpHU2pWT1ZscEtTVFExVmsxTlRrRkxTa3BYVVVsU1RpSXNJbTVoYldVaU9pSmhaMlZ1ZEc5d2N5MWpjbVZrWlc1MGFXRnNjeUlzSW5OMVlpSTZJbFZCUTB0VFVVZzNXVFJKVTA1TlRFTklURWhaVUVSTVZUUldVazVHVTFBeVFWWkhOVU0zUkUxTlV6TTNSRlpLTWpSYVJFWkNUbHBaSWl3aWJtRjBjeUk2ZXlKd2RXSWlPbnQ5TENKemRXSWlPbnQ5TENKemRXSnpJam90TVN3aVpHRjBZU0k2TFRFc0luQmhlV3h2WVdRaU9pMHhMQ0pwYzNOMVpYSmZZV05qYjNWdWRDSTZJa0ZEV0VaQ1ZsTXlWMDVMUlZSRE56VkVVVmhRUXpSSlMxaElURFJRTTBoSlRrTTFNa0V6VVVWWVJsZFVVMVpSUmxoTk5raFVTVXRVSWl3aWRIbHdaU0k2SW5WelpYSWlMQ0oyWlhKemFXOXVJam95ZlgwLnJoczNOamxzX3ZGQWltaXIxd2tKZTJ5SWNQUk9ESzNBUXFLUzVHenhKa3h3VG9acDMxNzJTWklrODZDaEd6QW5xalJCRU9pTlU5N2hPNktfYUdNekN3Ci0tLS0tLUVORCBOQVRTIFVTRVIgSldULS0tLS0tCgoqKioqKioqKioqKioqKioqKioqKioqKioqIElNUE9SVEFOVCAqKioqKioqKioqKioqKioqKioqKioqKioqCk5LRVkgU2VlZCBwcmludGVkIGJlbG93IGNhbiBiZSB1c2VkIHRvIHNpZ24gYW5kIHByb3ZlIGlkZW50aXR5LgpOS0VZcyBhcmUgc2Vuc2l0aXZlIGFuZCBzaG91bGQgYmUgdHJlYXRlZCBhcyBzZWNyZXRzLgoKLS0tLS1CRUdJTiBVU0VSIE5LRVkgU0VFRC0tLS0tClNVQUtOMlFaR1hGS09ZTVNYQ0NONzc3RkdYRjZHWlBRWlJPVEJJWkZSNERCRVhLNlI2QlJWUUtXR1kKLS0tLS0tRU5EIFVTRVIgTktFWSBTRUVELS0tLS0tCgoqKioqKioqKioqKioqKioqKioqKioqKioqKioqKioqKioqKioqKioqKioqKioqKioqKioqKioqKioqKioqCg==",
            "description": "",
            "id": "fr-par/e05fe2e4-ff35-4782-90c1-a9fb90f76170/1",
            "region": "fr-par",
            "revision": "1",
            "secret_id": "fr-par/e05fe2e4-ff35-4782-90c1-a9fb90f76170",
            "status": "enabled",
            "timeouts": null,
            "updated_at": "2025-11-01T21:28:46Z"
          },
          "sensitive_attributes": [
            [
              {
                "type": "get_attr",
                "value": "data"
              }
            ]
          ],
          "private": "eyJlMmJmYjczMC1lY2FhLTExZTYtOGY4OC0zNDM2M2JjN2M0YzAiOnsiY3JlYXRlIjozMDAwMDAwMDAwMDAsImRlZmF1bHQiOjMwMDAwMDAwMDAwMCwiZGVsZXRlIjozMDAwMDAwMDAwMDAsInJlYWQiOjMwMDAwMDAwMDAwMCwidXBkYXRlIjozMDAwMDAwMDAwMDB9fQ==",
          "dependencies": [
            "scaleway_mnq_nats_account.agentops",
            "scaleway_mnq_nats_credentials.agentops",
            "scaleway_secret.nats_credentials"
          ]
        }
      ]
    },
    {
      "mode": "managed",
      "type": "scaleway_secret_version",
      "name": "openrouter_api_key_v1",
      "provider": "provider[\"registry.terraform.io/scaleway/scaleway\"]",
      "instances": [
        {
          "schema_version": 0,
          "attributes": {
            "created_at": "2025-11-01T21:28:46Z",
            "data": "c2stb3ItdjEtYjk2NDVhYjIxNDZjYjc1MmM1ZmQ1ZGVhNGE2Y2M2ZDE3ZjUxN2FkYjQxMTBkZWJjNmRkNzhjMzZkYzJhYWFiNg==",
            "description": "",
            "id": "fr-par/dc273d51-8f1c-434f-acf5-12bf269dcc81/1",
            "region": "fr-par",
            "revision": "1",
            "secret_id": "fr-par/dc273d51-8f1c-434f-acf5-12bf269dcc81",
            "status": "enabled",
            "timeouts": null,
            "updated_at": "2025-11-01T21:28:46Z"
          },
          "sensitive_attributes": [
            [
              {
                "type": "get_attr",
                "value": "data"
              }
            ]
          ],
          "private": "eyJlMmJmYjczMC1lY2FhLTExZTYtOGY4OC0zNDM2M2JjN2M0YzAiOnsiY3JlYXRlIjozMDAwMDAwMDAwMDAsImRlZmF1bHQiOjMwMDAwMDAwMDAwMCwiZGVsZXRlIjozMDAwMDAwMDAwMDAsInJlYWQiOjMwMDAwMDAwMDAwMCwidXBkYXRlIjozMDAwMDAwMDAwMDB9fQ==",
          "dependencies": [
            "scaleway_secret.openrouter_api_key"
          ]
        }
      ]
    },
    {
      "mode": "managed",
      "type": "scaleway_vpc",
      "name": "agentops",
      "provider": "provider[\"registry.terraform.io/scaleway/scaleway\"]",
      "instances": [
        {
          "schema_version": 0,
          "attributes": {
            "created_at": "2025-11-01T21:28:45Z",
            "enable_custom_routes_propagation": true,
            "enable_routing": true,
            "id": "fr-par/08c00645-825d-493f-8940-9cf313c6311f",
            "is_default": false,
            "name": "fresh-agentops-vpc",
            "organization_id": "c5d299b8-8462-40fb-b5ae-32a8808bf394",
            "project_id": "b6c2c4f2-4697-4927-9580-143bf8c3f588",
            "region": "fr-par",
            "tags": [
              "agentops",
              "fresh"
            ],
            "updated_at": "2025-11-01T21:28:45Z"
          },
          "sensitive_attributes": [],
          "private": "bnVsbA=="
        }
      ]
    },
    {
      "mode": "managed",
      "type": "scaleway_vpc_private_network",
      "name": "agentops",
      "provider": "provider[\"registry.terraform.io/scaleway/scaleway\"]",
      "instances": [
        {
          "schema_version": 1,
          "attributes": {
            "created_at": "2025-11-01T21:28:45Z",
            "enable_default_route_propagation": false,
            "id": "fr-par/bee098c3-9e89-45bf-b74a-974ebe0204ce",
            "ipv4_subnet": [
              {
                "address": "172.16.16.0",
                "created_at": "2025-11-01T21:28:45Z",
                "id": "508a6e5c-7a1d-44b3-9334-5eb578682f8e",
                "prefix_length": 22,
                "subnet": "172.16.16.0/22",
                "subnet_mask": "255.255.252.0",
                "updated_at": "2025-11-01T21:28:45Z"
              }
            ],
            "ipv6_subnets": [
              {
                "address": "fd49:b2a5:c116:ed6a::",
                "created_at": "2025-11-01T21:28:45Z",
                "id": "16085559-962e-4e13-82a3-0f27f0a0021e",
                "prefix_length": 64,
                "subnet": "fd49:b2a5:c116:ed6a::/64",
                "subnet_mask": "255.255.255.255.255.255.255.255.0.0.0.0.0.0.0.0",
                "updated_at": "2025-11-01T21:28:45Z"
              }
            ],
            "is_regional": true,
            "name": "fresh-agentops-network",
            "organization_id": "c5d299b8-8462-40fb-b5ae-32a8808bf394",
            "project_id": "b6c2c4f2-4697-4927-9580-143bf8c3f588",
            "region": "fr-par",
            "tags": [
              "agentops",
              "fresh"
            ],
            "updated_at": "2025-11-01T21:28:45Z",
            "vpc_id": "fr-par/08c00645-825d-493f-8940-9cf313c6311f",
            "zone": "fr-par-1"
          },
          "sensitive_attributes": [],
          "private": "eyJzY2hlbWFfdmVyc2lvbiI6IjEifQ==",
          "dependencies": [
            "scaleway_vpc.agentops"
          ]
        }
      ]
    }
  ],
  "check_results": null
}
